
Microsoft Visual Studio Solution File, Format Version 12.00
# Visual Studio 15
VisualStudioVersion = 15.0.28307.136
MinimumVisualStudioVersion = 10.0.40219.1
Project("{FAE04EC0-301F-11D3-BF4B-00C04F79EFBC}") = "ProjetRPG", "ProjetRPG\ProjetRPG.csproj", "{024A824D-4F83-44FC-9E74-AD72CB356BB8}"
EndProject
Global
	GlobalSection(SolutionConfigurationPlatforms) = preSolution
		Debug|Any CPU = Debug|Any CPU
		Release|Any CPU = Release|Any CPU
	EndGlobalSection
	GlobalSection(ProjectConfigurationPlatforms) = postSolution
		{024A824D-4F83-44FC-9E74-AD72CB356BB8}.Debug|Any CPU.ActiveCfg = Debug|Any CPU
		{024A824D-4F83-44FC-9E74-AD72CB356BB8}.Debug|Any CPU.Build.0 = Debug|Any CPU
		{024A824D-4F83-44FC-9E74-AD72CB356BB8}.Release|Any CPU.ActiveCfg = Release|Any CPU
		{024A824D-4F83-44FC-9E74-AD72CB356BB8}.Release|Any CPU.Build.0 = Release|Any CPU
	EndGlobalSection
	GlobalSection(SolutionProperties) = preSolution
		HideSolutionNode = FALSE
	EndGlobalSection
	GlobalSection(ExtensibilityGlobals) = postSolution
		SolutionGuid = {7DF003DA-317D-4E1D-B726-07906BBA5337}
	EndGlobalSection
EndGlobal
